
Microsoft Visual Studio Solution File, Format Version 12.00
# Visual Studio Version 17
VisualStudioVersion = 17.0.31919.166
MinimumVisualStudioVersion = 10.0.40219.1
Project("{9A19103F-16F7-4668-BE54-9A1E7A4F7556}") = "CompanyManager", "CompanyManager\CompanyManager.csproj", "{372AE3C7-89CE-4A7B-917B-F631BF635752}"
EndProject
Project("{9A19103F-16F7-4668-BE54-9A1E7A4F7556}") = "DLL", "DLL\DLL.csproj", "{DA779CEB-491A-4E8D-9FCF-8E2EB58482F7}"
EndProject
Project("{9A19103F-16F7-4668-BE54-9A1E7A4F7556}") = "BLL", "BLL\BLL.csproj", "{A81C301A-8B25-4AA9-BDF5-CD3FDF524178}"
EndProject
Project("{2150E333-8FDC-42A3-9474-1A3956D46DE8}") = "Test", "Test", "{FC599153-1F30-4AEB-A1BA-BA2F14DC943B}"
EndProject
Project("{9A19103F-16F7-4668-BE54-9A1E7A4F7556}") = "TestCinemaDb", "TestCinemaDb\TestCinemaDb.csproj", "{08BACC67-645B-4697-8E57-771792F01D50}"
EndProject
Project("{9A19103F-16F7-4668-BE54-9A1E7A4F7556}") = "TestRepositoryes", "TestRepositoryes\TestRepositoryes.csproj", "{54A8F591-FEDA-4F10-8AC4-8C737947EFE7}"
EndProject
Project("{FAE04EC0-301F-11D3-BF4B-00C04F79EFBC}") = "TestBll", "TestBll\TestBll.csproj", "{C8F5D612-8F06-49E3-8378-B5BB8F2DF434}"
EndProject
Global
	GlobalSection(SolutionConfigurationPlatforms) = preSolution
		Debug|Any CPU = Debug|Any CPU
		Release|Any CPU = Release|Any CPU
	EndGlobalSection
	GlobalSection(ProjectConfigurationPlatforms) = postSolution
		{372AE3C7-89CE-4A7B-917B-F631BF635752}.Debug|Any CPU.ActiveCfg = Debug|Any CPU
		{372AE3C7-89CE-4A7B-917B-F631BF635752}.Debug|Any CPU.Build.0 = Debug|Any CPU
		{372AE3C7-89CE-4A7B-917B-F631BF635752}.Release|Any CPU.ActiveCfg = Release|Any CPU
		{372AE3C7-89CE-4A7B-917B-F631BF635752}.Release|Any CPU.Build.0 = Release|Any CPU
		{DA779CEB-491A-4E8D-9FCF-8E2EB58482F7}.Debug|Any CPU.ActiveCfg = Debug|Any CPU
		{DA779CEB-491A-4E8D-9FCF-8E2EB58482F7}.Debug|Any CPU.Build.0 = Debug|Any CPU
		{DA779CEB-491A-4E8D-9FCF-8E2EB58482F7}.Release|Any CPU.ActiveCfg = Release|Any CPU
		{DA779CEB-491A-4E8D-9FCF-8E2EB58482F7}.Release|Any CPU.Build.0 = Release|Any CPU
		{A81C301A-8B25-4AA9-BDF5-CD3FDF524178}.Debug|Any CPU.ActiveCfg = Debug|Any CPU
		{A81C301A-8B25-4AA9-BDF5-CD3FDF524178}.Debug|Any CPU.Build.0 = Debug|Any CPU
		{A81C301A-8B25-4AA9-BDF5-CD3FDF524178}.Release|Any CPU.ActiveCfg = Release|Any CPU
		{A81C301A-8B25-4AA9-BDF5-CD3FDF524178}.Release|Any CPU.Build.0 = Release|Any CPU
		{08BACC67-645B-4697-8E57-771792F01D50}.Debug|Any CPU.ActiveCfg = Debug|Any CPU
		{08BACC67-645B-4697-8E57-771792F01D50}.Debug|Any CPU.Build.0 = Debug|Any CPU
		{08BACC67-645B-4697-8E57-771792F01D50}.Release|Any CPU.ActiveCfg = Release|Any CPU
		{08BACC67-645B-4697-8E57-771792F01D50}.Release|Any CPU.Build.0 = Release|Any CPU
		{54A8F591-FEDA-4F10-8AC4-8C737947EFE7}.Debug|Any CPU.ActiveCfg = Debug|Any CPU
		{54A8F591-FEDA-4F10-8AC4-8C737947EFE7}.Debug|Any CPU.Build.0 = Debug|Any CPU
		{54A8F591-FEDA-4F10-8AC4-8C737947EFE7}.Release|Any CPU.ActiveCfg = Release|Any CPU
		{54A8F591-FEDA-4F10-8AC4-8C737947EFE7}.Release|Any CPU.Build.0 = Release|Any CPU
		{C8F5D612-8F06-49E3-8378-B5BB8F2DF434}.Debug|Any CPU.ActiveCfg = Debug|Any CPU
		{C8F5D612-8F06-49E3-8378-B5BB8F2DF434}.Debug|Any CPU.Build.0 = Debug|Any CPU
		{C8F5D612-8F06-49E3-8378-B5BB8F2DF434}.Release|Any CPU.ActiveCfg = Release|Any CPU
		{C8F5D612-8F06-49E3-8378-B5BB8F2DF434}.Release|Any CPU.Build.0 = Release|Any CPU
	EndGlobalSection
	GlobalSection(SolutionProperties) = preSolution
		HideSolutionNode = FALSE
	EndGlobalSection
	GlobalSection(NestedProjects) = preSolution
		{08BACC67-645B-4697-8E57-771792F01D50} = {FC599153-1F30-4AEB-A1BA-BA2F14DC943B}
		{54A8F591-FEDA-4F10-8AC4-8C737947EFE7} = {FC599153-1F30-4AEB-A1BA-BA2F14DC943B}
		{C8F5D612-8F06-49E3-8378-B5BB8F2DF434} = {FC599153-1F30-4AEB-A1BA-BA2F14DC943B}
	EndGlobalSection
	GlobalSection(ExtensibilityGlobals) = postSolution
		SolutionGuid = {77C581D8-62B7-40E4-9340-ED074ED6A0A0}
	EndGlobalSection
EndGlobal
